{
  "requires": true,
  "lockfileVersion": 1,
  "dependencies": {
    "mobx": {
      "version": "5.14.2",
      "resolved": "https://registry.npmjs.org/mobx/-/mobx-5.14.2.tgz",
      "integrity": "sha512-yx5Xe6o2WSYFgeytzZt6jGaYghJdQbd1ElR7S2s93x7/+5SYfJBfutvZF1O5gPEsUyTAFZ5IMYGu1KyhkPk+oQ=="
    }
  }
}
