{
  "name": "7.mobx",
  "version": "1.0.0",
  "lockfileVersion": 1,
  "requires": true,
  "dependencies": {
    "mobx": {
      "version": "6.0.4",
      "resolved": "https://registry.npmjs.org/mobx/-/mobx-6.0.4.tgz",
      "integrity": "sha512-wT2QJT9tW19VSHo9x7RPKU3z/I2Ps6wUS8Kb1OO+kzmg7UY3n4AkcaYG6jq95Lp1R9ohjC/NGYuT2PtuvBjhFg=="
    }
  }
}
